
Microsoft Visual Studio Solution File, Format Version 12.00
# Visual Studio Version 16
VisualStudioVersion = 16.0.29806.167
MinimumVisualStudioVersion = 10.0.40219.1
Project("{FAE04EC0-301F-11D3-BF4B-00C04F79EFBC}") = "PascalTriangle", "PascalTriangle.csproj", "{E27F343A-B8BD-46E9-AD3C-79EDD55FF33B}"
EndProject
Global
	GlobalSection(SolutionConfigurationPlatforms) = preSolution
		Debug|Any CPU = Debug|Any CPU
		Release|Any CPU = Release|Any CPU
	EndGlobalSection
	GlobalSection(ProjectConfigurationPlatforms) = postSolution
		{E27F343A-B8BD-46E9-AD3C-79EDD55FF33B}.Debug|Any CPU.ActiveCfg = Debug|Any CPU
		{E27F343A-B8BD-46E9-AD3C-79EDD55FF33B}.Debug|Any CPU.Build.0 = Debug|Any CPU
		{E27F343A-B8BD-46E9-AD3C-79EDD55FF33B}.Release|Any CPU.ActiveCfg = Release|Any CPU
		{E27F343A-B8BD-46E9-AD3C-79EDD55FF33B}.Release|Any CPU.Build.0 = Release|Any CPU
	EndGlobalSection
	GlobalSection(SolutionProperties) = preSolution
		HideSolutionNode = FALSE
	EndGlobalSection
	GlobalSection(ExtensibilityGlobals) = postSolution
		SolutionGuid = {BA1A2504-B51D-454E-AECB-D9BE851D6675}
	EndGlobalSection
EndGlobal
